
Microsoft Visual Studio Solution File, Format Version 12.00
# Visual Studio Version 16
VisualStudioVersion = 16.0.30204.135
MinimumVisualStudioVersion = 10.0.40219.1
Project("{9A19103F-16F7-4668-BE54-9A1E7A4F7556}") = "BaseSwagger.Api", "src\BaseSwagger.Api\BaseSwagger.Api.csproj", "{3A570B13-4FD8-489C-9301-02F1E11A1728}"
EndProject
Project("{9A19103F-16F7-4668-BE54-9A1E7A4F7556}") = "BaseSwagger.Data", "src\BaseSwagger.Data\BaseSwagger.Data.csproj", "{2471C1BA-60B8-4631-9A1B-0E6E30BA4717}"
EndProject
Project("{9A19103F-16F7-4668-BE54-9A1E7A4F7556}") = "BaseSwagger.Extensions", "src\BaseSwagger.Extensions\BaseSwagger.Extensions.csproj", "{F373F4ED-9214-4AC5-A1D1-28E92589E0BC}"
EndProject
Project("{9A19103F-16F7-4668-BE54-9A1E7A4F7556}") = "BaseSwagger.Repositories", "src\BaseSwagger.Repositories\BaseSwagger.Repositories.csproj", "{DEC37390-116E-47DA-A353-77DFE675FFB9}"
EndProject
Project("{9A19103F-16F7-4668-BE54-9A1E7A4F7556}") = "BaseSwagger.Repositories.Interfaces", "src\BaseSwagger.Repositories.Interfaces\BaseSwagger.Repositories.Interfaces.csproj", "{A09B227F-9FDB-45AD-B380-0D596EF9FDA2}"
EndProject
Project("{9A19103F-16F7-4668-BE54-9A1E7A4F7556}") = "BaseSwagger.Services", "src\BaseSwagger.Services\BaseSwagger.Services.csproj", "{8DAE6E72-F68F-41E2-8566-418A424B2A3B}"
EndProject
Project("{9A19103F-16F7-4668-BE54-9A1E7A4F7556}") = "BaseSwagger.Services.Interfaces", "src\BaseSwagger.Services.Interfaces\BaseSwagger.Services.Interfaces.csproj", "{668F0B43-B391-4FAB-BDBF-1B4E1F4A8AD4}"
EndProject
Project("{9A19103F-16F7-4668-BE54-9A1E7A4F7556}") = "BaseSwagger.ViewModels", "src\BaseSwagger.ViewModels\BaseSwagger.ViewModels.csproj", "{E649DA1C-627D-4107-ADAC-2ED321D48FD4}"
EndProject
Project("{2150E333-8FDC-42A3-9474-1A3956D46DE8}") = "src", "src", "{BE838C52-5398-40F2-A4BB-EE1CFEF3B7A9}"
EndProject
Project("{9A19103F-16F7-4668-BE54-9A1E7A4F7556}") = "BaseSwagger.Exceptions", "src\BaseSwagger.Exceptions\BaseSwagger.Exceptions.csproj", "{AD20B76A-36AC-425F-91B8-79FE3CBF4E9C}"
EndProject
Project("{9A19103F-16F7-4668-BE54-9A1E7A4F7556}") = "BaseSwagger.Filters", "src\BaseSwagger.Filters\BaseSwagger.Filters.csproj", "{E0E60C5E-2BEE-4F4F-97F8-B9716BF69FF5}"
EndProject
Project("{9A19103F-16F7-4668-BE54-9A1E7A4F7556}") = "BaseSwagger.Settings", "src\BaseSwagger.Settings\BaseSwagger.Settings.csproj", "{A066B9B9-9BEC-4C5B-8979-608102CAABC9}"
EndProject
Global
	GlobalSection(SolutionConfigurationPlatforms) = preSolution
		Debug|Any CPU = Debug|Any CPU
		Release|Any CPU = Release|Any CPU
	EndGlobalSection
	GlobalSection(ProjectConfigurationPlatforms) = postSolution
		{3A570B13-4FD8-489C-9301-02F1E11A1728}.Debug|Any CPU.ActiveCfg = Debug|Any CPU
		{3A570B13-4FD8-489C-9301-02F1E11A1728}.Debug|Any CPU.Build.0 = Debug|Any CPU
		{3A570B13-4FD8-489C-9301-02F1E11A1728}.Release|Any CPU.ActiveCfg = Release|Any CPU
		{3A570B13-4FD8-489C-9301-02F1E11A1728}.Release|Any CPU.Build.0 = Release|Any CPU
		{2471C1BA-60B8-4631-9A1B-0E6E30BA4717}.Debug|Any CPU.ActiveCfg = Debug|Any CPU
		{2471C1BA-60B8-4631-9A1B-0E6E30BA4717}.Debug|Any CPU.Build.0 = Debug|Any CPU
		{2471C1BA-60B8-4631-9A1B-0E6E30BA4717}.Release|Any CPU.ActiveCfg = Release|Any CPU
		{2471C1BA-60B8-4631-9A1B-0E6E30BA4717}.Release|Any CPU.Build.0 = Release|Any CPU
		{F373F4ED-9214-4AC5-A1D1-28E92589E0BC}.Debug|Any CPU.ActiveCfg = Debug|Any CPU
		{F373F4ED-9214-4AC5-A1D1-28E92589E0BC}.Debug|Any CPU.Build.0 = Debug|Any CPU
		{F373F4ED-9214-4AC5-A1D1-28E92589E0BC}.Release|Any CPU.ActiveCfg = Release|Any CPU
		{F373F4ED-9214-4AC5-A1D1-28E92589E0BC}.Release|Any CPU.Build.0 = Release|Any CPU
		{DEC37390-116E-47DA-A353-77DFE675FFB9}.Debug|Any CPU.ActiveCfg = Debug|Any CPU
		{DEC37390-116E-47DA-A353-77DFE675FFB9}.Debug|Any CPU.Build.0 = Debug|Any CPU
		{DEC37390-116E-47DA-A353-77DFE675FFB9}.Release|Any CPU.ActiveCfg = Release|Any CPU
		{DEC37390-116E-47DA-A353-77DFE675FFB9}.Release|Any CPU.Build.0 = Release|Any CPU
		{A09B227F-9FDB-45AD-B380-0D596EF9FDA2}.Debug|Any CPU.ActiveCfg = Debug|Any CPU
		{A09B227F-9FDB-45AD-B380-0D596EF9FDA2}.Debug|Any CPU.Build.0 = Debug|Any CPU
		{A09B227F-9FDB-45AD-B380-0D596EF9FDA2}.Release|Any CPU.ActiveCfg = Release|Any CPU
		{A09B227F-9FDB-45AD-B380-0D596EF9FDA2}.Release|Any CPU.Build.0 = Release|Any CPU
		{8DAE6E72-F68F-41E2-8566-418A424B2A3B}.Debug|Any CPU.ActiveCfg = Debug|Any CPU
		{8DAE6E72-F68F-41E2-8566-418A424B2A3B}.Debug|Any CPU.Build.0 = Debug|Any CPU
		{8DAE6E72-F68F-41E2-8566-418A424B2A3B}.Release|Any CPU.ActiveCfg = Release|Any CPU
		{8DAE6E72-F68F-41E2-8566-418A424B2A3B}.Release|Any CPU.Build.0 = Release|Any CPU
		{668F0B43-B391-4FAB-BDBF-1B4E1F4A8AD4}.Debug|Any CPU.ActiveCfg = Debug|Any CPU
		{668F0B43-B391-4FAB-BDBF-1B4E1F4A8AD4}.Debug|Any CPU.Build.0 = Debug|Any CPU
		{668F0B43-B391-4FAB-BDBF-1B4E1F4A8AD4}.Release|Any CPU.ActiveCfg = Release|Any CPU
		{668F0B43-B391-4FAB-BDBF-1B4E1F4A8AD4}.Release|Any CPU.Build.0 = Release|Any CPU
		{E649DA1C-627D-4107-ADAC-2ED321D48FD4}.Debug|Any CPU.ActiveCfg = Debug|Any CPU
		{E649DA1C-627D-4107-ADAC-2ED321D48FD4}.Debug|Any CPU.Build.0 = Debug|Any CPU
		{E649DA1C-627D-4107-ADAC-2ED321D48FD4}.Release|Any CPU.ActiveCfg = Release|Any CPU
		{E649DA1C-627D-4107-ADAC-2ED321D48FD4}.Release|Any CPU.Build.0 = Release|Any CPU
		{AD20B76A-36AC-425F-91B8-79FE3CBF4E9C}.Debug|Any CPU.ActiveCfg = Debug|Any CPU
		{AD20B76A-36AC-425F-91B8-79FE3CBF4E9C}.Debug|Any CPU.Build.0 = Debug|Any CPU
		{AD20B76A-36AC-425F-91B8-79FE3CBF4E9C}.Release|Any CPU.ActiveCfg = Release|Any CPU
		{AD20B76A-36AC-425F-91B8-79FE3CBF4E9C}.Release|Any CPU.Build.0 = Release|Any CPU
		{E0E60C5E-2BEE-4F4F-97F8-B9716BF69FF5}.Debug|Any CPU.ActiveCfg = Debug|Any CPU
		{E0E60C5E-2BEE-4F4F-97F8-B9716BF69FF5}.Debug|Any CPU.Build.0 = Debug|Any CPU
		{E0E60C5E-2BEE-4F4F-97F8-B9716BF69FF5}.Release|Any CPU.ActiveCfg = Release|Any CPU
		{E0E60C5E-2BEE-4F4F-97F8-B9716BF69FF5}.Release|Any CPU.Build.0 = Release|Any CPU
		{A066B9B9-9BEC-4C5B-8979-608102CAABC9}.Debug|Any CPU.ActiveCfg = Debug|Any CPU
		{A066B9B9-9BEC-4C5B-8979-608102CAABC9}.Debug|Any CPU.Build.0 = Debug|Any CPU
		{A066B9B9-9BEC-4C5B-8979-608102CAABC9}.Release|Any CPU.ActiveCfg = Release|Any CPU
		{A066B9B9-9BEC-4C5B-8979-608102CAABC9}.Release|Any CPU.Build.0 = Release|Any CPU
	EndGlobalSection
	GlobalSection(SolutionProperties) = preSolution
		HideSolutionNode = FALSE
	EndGlobalSection
	GlobalSection(NestedProjects) = preSolution
		{3A570B13-4FD8-489C-9301-02F1E11A1728} = {BE838C52-5398-40F2-A4BB-EE1CFEF3B7A9}
		{2471C1BA-60B8-4631-9A1B-0E6E30BA4717} = {BE838C52-5398-40F2-A4BB-EE1CFEF3B7A9}
		{F373F4ED-9214-4AC5-A1D1-28E92589E0BC} = {BE838C52-5398-40F2-A4BB-EE1CFEF3B7A9}
		{DEC37390-116E-47DA-A353-77DFE675FFB9} = {BE838C52-5398-40F2-A4BB-EE1CFEF3B7A9}
		{A09B227F-9FDB-45AD-B380-0D596EF9FDA2} = {BE838C52-5398-40F2-A4BB-EE1CFEF3B7A9}
		{8DAE6E72-F68F-41E2-8566-418A424B2A3B} = {BE838C52-5398-40F2-A4BB-EE1CFEF3B7A9}
		{668F0B43-B391-4FAB-BDBF-1B4E1F4A8AD4} = {BE838C52-5398-40F2-A4BB-EE1CFEF3B7A9}
		{E649DA1C-627D-4107-ADAC-2ED321D48FD4} = {BE838C52-5398-40F2-A4BB-EE1CFEF3B7A9}
		{AD20B76A-36AC-425F-91B8-79FE3CBF4E9C} = {BE838C52-5398-40F2-A4BB-EE1CFEF3B7A9}
		{E0E60C5E-2BEE-4F4F-97F8-B9716BF69FF5} = {BE838C52-5398-40F2-A4BB-EE1CFEF3B7A9}
		{A066B9B9-9BEC-4C5B-8979-608102CAABC9} = {BE838C52-5398-40F2-A4BB-EE1CFEF3B7A9}
	EndGlobalSection
	GlobalSection(ExtensibilityGlobals) = postSolution
		SolutionGuid = {97C03E06-3832-4365-A6DD-A6889A3AD328}
	EndGlobalSection
EndGlobal
