
Microsoft Visual Studio Solution File, Format Version 12.00
# Visual Studio Version 16
VisualStudioVersion = 16.0.30204.135
MinimumVisualStudioVersion = 10.0.40219.1
Project("{9A19103F-16F7-4668-BE54-9A1E7A4F7556}") = "Base.Api", "src\Base.Api\Base.Api.csproj", "{3A570B13-4FD8-489C-9301-02F1E11A1728}"
EndProject
Project("{9A19103F-16F7-4668-BE54-9A1E7A4F7556}") = "Base.Data", "src\Base.Data\Base.Data.csproj", "{2471C1BA-60B8-4631-9A1B-0E6E30BA4717}"
EndProject
Project("{9A19103F-16F7-4668-BE54-9A1E7A4F7556}") = "Base.Extensions", "src\Base.Extensions\Base.Extensions.csproj", "{F373F4ED-9214-4AC5-A1D1-28E92589E0BC}"
EndProject
Project("{9A19103F-16F7-4668-BE54-9A1E7A4F7556}") = "Base.Repositories", "src\Base.Repositories\Base.Repositories.csproj", "{DEC37390-116E-47DA-A353-77DFE675FFB9}"
EndProject
Project("{9A19103F-16F7-4668-BE54-9A1E7A4F7556}") = "Base.Repositories.Interfaces", "src\Base.Repositories.Interfaces\Base.Repositories.Interfaces.csproj", "{A09B227F-9FDB-45AD-B380-0D596EF9FDA2}"
EndProject
Project("{9A19103F-16F7-4668-BE54-9A1E7A4F7556}") = "Base.Services", "src\Base.Services\Base.Services.csproj", "{8DAE6E72-F68F-41E2-8566-418A424B2A3B}"
EndProject
Project("{9A19103F-16F7-4668-BE54-9A1E7A4F7556}") = "Base.Services.Interfaces", "src\Base.Services.Interfaces\Base.Services.Interfaces.csproj", "{668F0B43-B391-4FAB-BDBF-1B4E1F4A8AD4}"
EndProject
Project("{9A19103F-16F7-4668-BE54-9A1E7A4F7556}") = "Base.ViewModels", "src\Base.ViewModels\Base.ViewModels.csproj", "{E649DA1C-627D-4107-ADAC-2ED321D48FD4}"
EndProject
Project("{FAE04EC0-301F-11D3-BF4B-00C04F79EFBC}") = "Base.Filters", "Base.Filters\Base.Filters.csproj", "{CDCA2EC3-1EDE-4903-8C17-E929F6D6F12E}"
EndProject
Project("{FAE04EC0-301F-11D3-BF4B-00C04F79EFBC}") = "Base.Exceptions", "Base.Exceptions\Base.Exceptions.csproj", "{9227E3F6-BA4B-4649-B8B3-C9D0D08C4E51}"
EndProject
Project("{FAE04EC0-301F-11D3-BF4B-00C04F79EFBC}") = "Base.Settings", "Base.Settings\Base.Settings.csproj", "{878BF2AA-8196-4D30-A99B-2BDD75586BFD}"
EndProject
Global
	GlobalSection(SolutionConfigurationPlatforms) = preSolution
		Debug|Any CPU = Debug|Any CPU
		Release|Any CPU = Release|Any CPU
	EndGlobalSection
	GlobalSection(ProjectConfigurationPlatforms) = postSolution
		{3A570B13-4FD8-489C-9301-02F1E11A1728}.Debug|Any CPU.ActiveCfg = Debug|Any CPU
		{3A570B13-4FD8-489C-9301-02F1E11A1728}.Debug|Any CPU.Build.0 = Debug|Any CPU
		{3A570B13-4FD8-489C-9301-02F1E11A1728}.Release|Any CPU.ActiveCfg = Release|Any CPU
		{3A570B13-4FD8-489C-9301-02F1E11A1728}.Release|Any CPU.Build.0 = Release|Any CPU
		{2471C1BA-60B8-4631-9A1B-0E6E30BA4717}.Debug|Any CPU.ActiveCfg = Debug|Any CPU
		{2471C1BA-60B8-4631-9A1B-0E6E30BA4717}.Debug|Any CPU.Build.0 = Debug|Any CPU
		{2471C1BA-60B8-4631-9A1B-0E6E30BA4717}.Release|Any CPU.ActiveCfg = Release|Any CPU
		{2471C1BA-60B8-4631-9A1B-0E6E30BA4717}.Release|Any CPU.Build.0 = Release|Any CPU
		{F373F4ED-9214-4AC5-A1D1-28E92589E0BC}.Debug|Any CPU.ActiveCfg = Debug|Any CPU
		{F373F4ED-9214-4AC5-A1D1-28E92589E0BC}.Debug|Any CPU.Build.0 = Debug|Any CPU
		{F373F4ED-9214-4AC5-A1D1-28E92589E0BC}.Release|Any CPU.ActiveCfg = Release|Any CPU
		{F373F4ED-9214-4AC5-A1D1-28E92589E0BC}.Release|Any CPU.Build.0 = Release|Any CPU
		{DEC37390-116E-47DA-A353-77DFE675FFB9}.Debug|Any CPU.ActiveCfg = Debug|Any CPU
		{DEC37390-116E-47DA-A353-77DFE675FFB9}.Debug|Any CPU.Build.0 = Debug|Any CPU
		{DEC37390-116E-47DA-A353-77DFE675FFB9}.Release|Any CPU.ActiveCfg = Release|Any CPU
		{DEC37390-116E-47DA-A353-77DFE675FFB9}.Release|Any CPU.Build.0 = Release|Any CPU
		{A09B227F-9FDB-45AD-B380-0D596EF9FDA2}.Debug|Any CPU.ActiveCfg = Debug|Any CPU
		{A09B227F-9FDB-45AD-B380-0D596EF9FDA2}.Debug|Any CPU.Build.0 = Debug|Any CPU
		{A09B227F-9FDB-45AD-B380-0D596EF9FDA2}.Release|Any CPU.ActiveCfg = Release|Any CPU
		{A09B227F-9FDB-45AD-B380-0D596EF9FDA2}.Release|Any CPU.Build.0 = Release|Any CPU
		{8DAE6E72-F68F-41E2-8566-418A424B2A3B}.Debug|Any CPU.ActiveCfg = Debug|Any CPU
		{8DAE6E72-F68F-41E2-8566-418A424B2A3B}.Debug|Any CPU.Build.0 = Debug|Any CPU
		{8DAE6E72-F68F-41E2-8566-418A424B2A3B}.Release|Any CPU.ActiveCfg = Release|Any CPU
		{8DAE6E72-F68F-41E2-8566-418A424B2A3B}.Release|Any CPU.Build.0 = Release|Any CPU
		{668F0B43-B391-4FAB-BDBF-1B4E1F4A8AD4}.Debug|Any CPU.ActiveCfg = Debug|Any CPU
		{668F0B43-B391-4FAB-BDBF-1B4E1F4A8AD4}.Debug|Any CPU.Build.0 = Debug|Any CPU
		{668F0B43-B391-4FAB-BDBF-1B4E1F4A8AD4}.Release|Any CPU.ActiveCfg = Release|Any CPU
		{668F0B43-B391-4FAB-BDBF-1B4E1F4A8AD4}.Release|Any CPU.Build.0 = Release|Any CPU
		{E649DA1C-627D-4107-ADAC-2ED321D48FD4}.Debug|Any CPU.ActiveCfg = Debug|Any CPU
		{E649DA1C-627D-4107-ADAC-2ED321D48FD4}.Debug|Any CPU.Build.0 = Debug|Any CPU
		{E649DA1C-627D-4107-ADAC-2ED321D48FD4}.Release|Any CPU.ActiveCfg = Release|Any CPU
		{E649DA1C-627D-4107-ADAC-2ED321D48FD4}.Release|Any CPU.Build.0 = Release|Any CPU
		{CDCA2EC3-1EDE-4903-8C17-E929F6D6F12E}.Debug|Any CPU.ActiveCfg = Debug|Any CPU
		{CDCA2EC3-1EDE-4903-8C17-E929F6D6F12E}.Debug|Any CPU.Build.0 = Debug|Any CPU
		{CDCA2EC3-1EDE-4903-8C17-E929F6D6F12E}.Release|Any CPU.ActiveCfg = Release|Any CPU
		{CDCA2EC3-1EDE-4903-8C17-E929F6D6F12E}.Release|Any CPU.Build.0 = Release|Any CPU
		{9227E3F6-BA4B-4649-B8B3-C9D0D08C4E51}.Debug|Any CPU.ActiveCfg = Debug|Any CPU
		{9227E3F6-BA4B-4649-B8B3-C9D0D08C4E51}.Debug|Any CPU.Build.0 = Debug|Any CPU
		{9227E3F6-BA4B-4649-B8B3-C9D0D08C4E51}.Release|Any CPU.ActiveCfg = Release|Any CPU
		{9227E3F6-BA4B-4649-B8B3-C9D0D08C4E51}.Release|Any CPU.Build.0 = Release|Any CPU
		{878BF2AA-8196-4D30-A99B-2BDD75586BFD}.Debug|Any CPU.ActiveCfg = Debug|Any CPU
		{878BF2AA-8196-4D30-A99B-2BDD75586BFD}.Debug|Any CPU.Build.0 = Debug|Any CPU
		{878BF2AA-8196-4D30-A99B-2BDD75586BFD}.Release|Any CPU.ActiveCfg = Release|Any CPU
		{878BF2AA-8196-4D30-A99B-2BDD75586BFD}.Release|Any CPU.Build.0 = Release|Any CPU
	EndGlobalSection
	GlobalSection(SolutionProperties) = preSolution
		HideSolutionNode = FALSE
	EndGlobalSection
	GlobalSection(ExtensibilityGlobals) = postSolution
		SolutionGuid = {97C03E06-3832-4365-A6DD-A6889A3AD328}
	EndGlobalSection
EndGlobal
